
Microsoft Visual Studio Solution File, Format Version 12.00
# Visual Studio Version 16
VisualStudioVersion = 16.0.31624.102
MinimumVisualStudioVersion = 10.0.40219.1
Project("{9A19103F-16F7-4668-BE54-9A1E7A4F7556}") = "ProdigyBlockchain.Wallet.Api", "ProdigyBlockchain.Wallet.Api\ProdigyBlockchain.Wallet.Api.csproj", "{FCB3CAFE-9A40-404B-86B6-524F50DD3620}"
EndProject
Project("{9A19103F-16F7-4668-BE54-9A1E7A4F7556}") = "ProdigyBlockchain.Wallet.BusinessLayer", "ProdigyBlockchain.Wallet\ProdigyBlockchain.Wallet.BusinessLayer.csproj", "{0877B8AC-38EB-43D4-987A-DBB1A2B85AB5}"
EndProject
Project("{9A19103F-16F7-4668-BE54-9A1E7A4F7556}") = "HProdigyBlockchainWallet.Test", "ProdigyBlockchainWallet.Test\ProdigyBlockchainWallet.Test.csproj", "{8396E5AF-7538-41CE-9664-AD5AC8965CBE}"
EndProject
Global
	GlobalSection(SolutionConfigurationPlatforms) = preSolution
		Debug|Any CPU = Debug|Any CPU
		Release|Any CPU = Release|Any CPU
	EndGlobalSection
	GlobalSection(ProjectConfigurationPlatforms) = postSolution
		{FCB3CAFE-9A40-404B-86B6-524F50DD3620}.Debug|Any CPU.ActiveCfg = Debug|Any CPU
		{FCB3CAFE-9A40-404B-86B6-524F50DD3620}.Debug|Any CPU.Build.0 = Debug|Any CPU
		{FCB3CAFE-9A40-404B-86B6-524F50DD3620}.Release|Any CPU.ActiveCfg = Release|Any CPU
		{FCB3CAFE-9A40-404B-86B6-524F50DD3620}.Release|Any CPU.Build.0 = Release|Any CPU
		{0877B8AC-38EB-43D4-987A-DBB1A2B85AB5}.Debug|Any CPU.ActiveCfg = Debug|Any CPU
		{0877B8AC-38EB-43D4-987A-DBB1A2B85AB5}.Debug|Any CPU.Build.0 = Debug|Any CPU
		{0877B8AC-38EB-43D4-987A-DBB1A2B85AB5}.Release|Any CPU.ActiveCfg = Release|Any CPU
		{0877B8AC-38EB-43D4-987A-DBB1A2B85AB5}.Release|Any CPU.Build.0 = Release|Any CPU
		{8396E5AF-7538-41CE-9664-AD5AC8965CBE}.Debug|Any CPU.ActiveCfg = Debug|Any CPU
		{8396E5AF-7538-41CE-9664-AD5AC8965CBE}.Debug|Any CPU.Build.0 = Debug|Any CPU
		{8396E5AF-7538-41CE-9664-AD5AC8965CBE}.Release|Any CPU.ActiveCfg = Release|Any CPU
		{8396E5AF-7538-41CE-9664-AD5AC8965CBE}.Release|Any CPU.Build.0 = Release|Any CPU
	EndGlobalSection
	GlobalSection(SolutionProperties) = preSolution
		HideSolutionNode = FALSE
	EndGlobalSection
	GlobalSection(ExtensibilityGlobals) = postSolution
		SolutionGuid = {8A8B2F85-7AD6-4F14-A115-6D53A1C0F5F9}
	EndGlobalSection
EndGlobal
